
Microsoft Visual Studio Solution File, Format Version 12.00
# Visual Studio Version 17
VisualStudioVersion = 17.1.32414.318
MinimumVisualStudioVersion = 10.0.40219.1
Project("{FAE04EC0-301F-11D3-BF4B-00C04F79EFBC}") = "DSA PROJ", "DSA PROJ.csproj", "{F08B77D6-0D32-4020-9474-4B18C4E208C0}"
EndProject
Global
	GlobalSection(SolutionConfigurationPlatforms) = preSolution
		Debug|Any CPU = Debug|Any CPU
		Release|Any CPU = Release|Any CPU
	EndGlobalSection
	GlobalSection(ProjectConfigurationPlatforms) = postSolution
		{F08B77D6-0D32-4020-9474-4B18C4E208C0}.Debug|Any CPU.ActiveCfg = Debug|Any CPU
		{F08B77D6-0D32-4020-9474-4B18C4E208C0}.Debug|Any CPU.Build.0 = Debug|Any CPU
		{F08B77D6-0D32-4020-9474-4B18C4E208C0}.Release|Any CPU.ActiveCfg = Release|Any CPU
		{F08B77D6-0D32-4020-9474-4B18C4E208C0}.Release|Any CPU.Build.0 = Release|Any CPU
	EndGlobalSection
	GlobalSection(SolutionProperties) = preSolution
		HideSolutionNode = FALSE
	EndGlobalSection
	GlobalSection(ExtensibilityGlobals) = postSolution
		SolutionGuid = {D5FD17D4-3214-47FC-A6C0-CE5D9E3D3695}
	EndGlobalSection
EndGlobal
